
Microsoft Visual Studio Solution File, Format Version 12.00
# Visual Studio 15
VisualStudioVersion = 15.0.28010.2036
MinimumVisualStudioVersion = 10.0.40219.1
Project("{FAE04EC0-301F-11D3-BF4B-00C04F79EFBC}") = "simulator", "simulator\simulator.csproj", "{33103A2A-916C-44AD-8E70-8C9722F3F83D}"
EndProject
Global
	GlobalSection(SolutionConfigurationPlatforms) = preSolution
		Debug|Any CPU = Debug|Any CPU
		Release|Any CPU = Release|Any CPU
	EndGlobalSection
	GlobalSection(ProjectConfigurationPlatforms) = postSolution
		{33103A2A-916C-44AD-8E70-8C9722F3F83D}.Debug|Any CPU.ActiveCfg = Debug|Any CPU
		{33103A2A-916C-44AD-8E70-8C9722F3F83D}.Debug|Any CPU.Build.0 = Debug|Any CPU
		{33103A2A-916C-44AD-8E70-8C9722F3F83D}.Release|Any CPU.ActiveCfg = Release|Any CPU
		{33103A2A-916C-44AD-8E70-8C9722F3F83D}.Release|Any CPU.Build.0 = Release|Any CPU
	EndGlobalSection
	GlobalSection(SolutionProperties) = preSolution
		HideSolutionNode = FALSE
	EndGlobalSection
	GlobalSection(ExtensibilityGlobals) = postSolution
		SolutionGuid = {CD05BA67-3F10-4C88-8EDF-D16D95CC9793}
	EndGlobalSection
EndGlobal
